{
  "version": 4,
  "terraform_version": "1.12.0",
  "serial": 12,
  "lineage": "35273bfd-fba2-7a19-16ca-40ec6bb786b6",
  "outputs": {},
  "resources": [
    {
      "mode": "managed",
      "type": "yandex_compute_instance",
      "name": "bastion",
      "provider": "provider[\"registry.terraform.io/yandex-cloud/yandex\"]",
      "instances": [
        {
          "schema_version": 1,
          "attributes": {
            "allow_recreate": null,
            "allow_stopping_for_update": null,
            "boot_disk": [
              {
                "auto_delete": true,
                "device_name": "fhmknpdao1t732jqsg8p",
                "disk_id": "fhmknpdao1t732jqsg8p",
                "initialize_params": [
                  {
                    "block_size": 4096,
                    "description": "",
                    "image_id": "fd876gids9srs8ma0592",
                    "kms_key_id": "",
                    "name": "",
                    "size": 10,
                    "snapshot_id": "",
                    "type": "network-hdd"
                  }
                ],
                "mode": "READ_WRITE"
              }
            ],
            "created_at": "2025-05-16T13:49:41Z",
            "description": "",
            "filesystem": [],
            "folder_id": "b1g9fkgcb4m0n7vhc475",
            "fqdn": "fhm7h2jj9vl3i7uirgq2.auto.internal",
            "gpu_cluster_id": "",
            "hardware_generation": [
              {
                "generation2_features": [],
                "legacy_features": [
                  {
                    "pci_topology": "PCI_TOPOLOGY_V1"
                  }
                ]
              }
            ],
            "hostname": "",
            "id": "fhm7h2jj9vl3i7uirgq2",
            "labels": {},
            "local_disk": [],
            "maintenance_grace_period": "",
            "maintenance_policy": null,
            "metadata": {
              "ssh-keys": "ubuntu:ssh-rsa AAAAB3NzaC1yc2EAAAADAQABAAACAQDGcuHl4wiSR3XkteniWArwBQ2r/lAsfqIZUMCDM6tqPtBFC0wq/Fsp2Sb1YxVvs2Ke0clgwHrD4WhhLK9Y8b2Wdtu1EFRtN/iKVzKmyotmccBDC/qVn8uHVFQCNbgySDjIuKSaoGNEnpElTS3sH0IRslLNddmhleZ3zWqLPwWw4aS+Ld0n3utteF9fgedT3Z5VbvWWmHv5ML56ndVL+j7DbGEuJTxvO4nnbwloJiz5yGuY/ZniIKMY4uVI/++UduEOL1jZuJeTN4kAw3C1Xx4qJSgdLh35ykBnGRqUtn2nKOqUA1k81X8bg3DqzRHKLtNFGlvNbghzz3zCwMDqJXldUaFS7gzvowLDyqcPCEVdZV1fi4dkO9cz7bAOKxV/bPV4rS/3swqEjnF8MnhP14kHQ82mTt7/ea3JqeDUngfJHo0rZmBp175NoUxncLeL6/b5DEaS8hxB1igD4yhYVS7oURVxij+o4jBBlmEBy+x5MfIeutcruOaDVB5vVzXXjZC5jt+MFDyRgPgAznewGcGLtZ9ZiU/veE/j4kjslQLqFtdDPXUAxMbfYVaCU7f1E3cLnyeOB5984do8vJlfS4jf1Hg08p4IWa/912WTSN7peUm+Ru+uu+zqKboB1zwjIC6M1ruaIdACHMWwwgujmOC60CaRGHTE8FY9s/Lc+fq7dw== pf@Mac-mini.local\n"
            },
            "metadata_options": [
              {
                "aws_v1_http_endpoint": 1,
                "aws_v1_http_token": 2,
                "gce_http_endpoint": 1,
                "gce_http_token": 1
              }
            ],
            "name": "bastion-host",
            "network_acceleration_type": "standard",
            "network_interface": [
              {
                "dns_record": [],
                "index": 0,
                "ip_address": "10.10.1.15",
                "ipv4": true,
                "ipv6": false,
                "ipv6_address": "",
                "ipv6_dns_record": [],
                "mac_address": "d0:0d:78:8a:73:4f",
                "nat": true,
                "nat_dns_record": [],
                "nat_ip_address": "84.201.131.37",
                "nat_ip_version": "IPV4",
                "security_group_ids": [
                  "enp34vh9kldoum9hbp3t"
                ],
                "subnet_id": "e9b9o4u1sv2ppqucd4sp"
              }
            ],
            "placement_policy": [
              {
                "host_affinity_rules": [],
                "placement_group_id": "",
                "placement_group_partition": 0
              }
            ],
            "platform_id": "standard-v3",
            "resources": [
              {
                "core_fraction": 20,
                "cores": 2,
                "gpus": 0,
                "memory": 2
              }
            ],
            "scheduling_policy": [
              {
                "preemptible": false
              }
            ],
            "secondary_disk": [],
            "service_account_id": "",
            "status": "running",
            "timeouts": null,
            "zone": "ru-central1-a"
          },
          "sensitive_attributes": [],
          "identity_schema_version": 0,
          "private": "eyJlMmJmYjczMC1lY2FhLTExZTYtOGY4OC0zNDM2M2JjN2M0YzAiOnsiY3JlYXRlIjozMDAwMDAwMDAwMDAsImRlbGV0ZSI6MzAwMDAwMDAwMDAwLCJ1cGRhdGUiOjMwMDAwMDAwMDAwMH0sInNjaGVtYV92ZXJzaW9uIjoiMSJ9",
          "dependencies": [
            "yandex_vpc_gateway.internet",
            "yandex_vpc_network.main",
            "yandex_vpc_route_table.public",
            "yandex_vpc_security_group.bastion",
            "yandex_vpc_subnet.public"
          ]
        }
      ]
    },
    {
      "mode": "managed",
      "type": "yandex_vpc_gateway",
      "name": "internet",
      "provider": "provider[\"registry.terraform.io/yandex-cloud/yandex\"]",
      "instances": [
        {
          "schema_version": 0,
          "attributes": {
            "created_at": "2025-05-16T13:49:34Z",
            "description": "",
            "folder_id": "b1g9fkgcb4m0n7vhc475",
            "id": "enpkq19dsg5vp40slrs1",
            "labels": {},
            "name": "internet-gateway",
            "shared_egress_gateway": [
              {}
            ],
            "timeouts": null
          },
          "sensitive_attributes": [],
          "identity_schema_version": 0,
          "private": "eyJlMmJmYjczMC1lY2FhLTExZTYtOGY4OC0zNDM2M2JjN2M0YzAiOnsiY3JlYXRlIjo2MDAwMDAwMDAwMCwiZGVsZXRlIjo2MDAwMDAwMDAwMCwidXBkYXRlIjo2MDAwMDAwMDAwMH0sInNjaGVtYV92ZXJzaW9uIjoiMCJ9"
        }
      ]
    },
    {
      "mode": "managed",
      "type": "yandex_vpc_network",
      "name": "main",
      "provider": "provider[\"registry.terraform.io/yandex-cloud/yandex\"]",
      "instances": [
        {
          "schema_version": 0,
          "attributes": {
            "created_at": "2025-05-16T13:49:34Z",
            "default_security_group_id": "enpe7lm7qbilbnb00vmh",
            "description": "",
            "folder_id": "b1g9fkgcb4m0n7vhc475",
            "id": "enp68unnokhpqejanc6k",
            "labels": {},
            "name": "main-vpc",
            "subnet_ids": [
              "e9b9o4u1sv2ppqucd4sp",
              "e9bhi3c57smra519r2ch"
            ],
            "timeouts": null
          },
          "sensitive_attributes": [],
          "identity_schema_version": 0,
          "private": "eyJlMmJmYjczMC1lY2FhLTExZTYtOGY4OC0zNDM2M2JjN2M0YzAiOnsiY3JlYXRlIjo2MDAwMDAwMDAwMCwiZGVsZXRlIjo2MDAwMDAwMDAwMCwidXBkYXRlIjo2MDAwMDAwMDAwMH0sInNjaGVtYV92ZXJzaW9uIjoiMCJ9"
        }
      ]
    },
    {
      "mode": "managed",
      "type": "yandex_vpc_route_table",
      "name": "public",
      "provider": "provider[\"registry.terraform.io/yandex-cloud/yandex\"]",
      "instances": [
        {
          "schema_version": 0,
          "attributes": {
            "created_at": "2025-05-16T13:49:38Z",
            "description": "",
            "folder_id": "b1g9fkgcb4m0n7vhc475",
            "id": "enp559li9nv0mbn12mkc",
            "labels": {},
            "name": "",
            "network_id": "enp68unnokhpqejanc6k",
            "static_route": [
              {
                "destination_prefix": "0.0.0.0/0",
                "gateway_id": "enpkq19dsg5vp40slrs1",
                "next_hop_address": ""
              }
            ],
            "timeouts": null
          },
          "sensitive_attributes": [],
          "identity_schema_version": 0,
          "private": "eyJlMmJmYjczMC1lY2FhLTExZTYtOGY4OC0zNDM2M2JjN2M0YzAiOnsiY3JlYXRlIjoxODAwMDAwMDAwMDAsImRlbGV0ZSI6MTgwMDAwMDAwMDAwLCJ1cGRhdGUiOjE4MDAwMDAwMDAwMH0sInNjaGVtYV92ZXJzaW9uIjoiMCJ9",
          "dependencies": [
            "yandex_vpc_gateway.internet",
            "yandex_vpc_network.main"
          ]
        }
      ]
    },
    {
      "mode": "managed",
      "type": "yandex_vpc_security_group",
      "name": "bastion",
      "provider": "provider[\"registry.terraform.io/yandex-cloud/yandex\"]",
      "instances": [
        {
          "schema_version": 0,
          "attributes": {
            "created_at": "2025-05-16T13:49:40Z",
            "description": "",
            "egress": [
              {
                "description": "",
                "from_port": -1,
                "id": "enp213n96da8915vb70c",
                "labels": {},
                "port": -1,
                "predefined_target": "",
                "protocol": "ANY",
                "security_group_id": "",
                "to_port": -1,
                "v4_cidr_blocks": [
                  "0.0.0.0/0"
                ],
                "v6_cidr_blocks": []
              }
            ],
            "folder_id": "b1g9fkgcb4m0n7vhc475",
            "id": "enp34vh9kldoum9hbp3t",
            "ingress": [
              {
                "description": "Allow SSH from anywhere (или пропиши свой IP)",
                "from_port": -1,
                "id": "enpi83k46l0itibgojcr",
                "labels": {},
                "port": 22,
                "predefined_target": "",
                "protocol": "TCP",
                "security_group_id": "",
                "to_port": -1,
                "v4_cidr_blocks": [
                  "46.228.7.154/32"
                ],
                "v6_cidr_blocks": []
              }
            ],
            "labels": {},
            "name": "bastion-sg",
            "network_id": "enp68unnokhpqejanc6k",
            "status": "ACTIVE",
            "timeouts": null
          },
          "sensitive_attributes": [],
          "identity_schema_version": 0,
          "private": "eyJlMmJmYjczMC1lY2FhLTExZTYtOGY4OC0zNDM2M2JjN2M0YzAiOnsiY3JlYXRlIjoxODAwMDAwMDAwMDAsImRlbGV0ZSI6MTgwMDAwMDAwMDAwLCJ1cGRhdGUiOjE4MDAwMDAwMDAwMH19",
          "dependencies": [
            "yandex_vpc_network.main"
          ]
        }
      ]
    },
    {
      "mode": "managed",
      "type": "yandex_vpc_subnet",
      "name": "private",
      "provider": "provider[\"registry.terraform.io/yandex-cloud/yandex\"]",
      "instances": [
        {
          "schema_version": 0,
          "attributes": {
            "created_at": "2025-05-16T13:49:37Z",
            "description": "",
            "dhcp_options": [],
            "folder_id": "b1g9fkgcb4m0n7vhc475",
            "id": "e9bhi3c57smra519r2ch",
            "labels": {},
            "name": "private-subnet",
            "network_id": "enp68unnokhpqejanc6k",
            "route_table_id": "",
            "timeouts": null,
            "v4_cidr_blocks": [
              "10.10.2.0/24"
            ],
            "v6_cidr_blocks": [],
            "zone": "ru-central1-a"
          },
          "sensitive_attributes": [],
          "identity_schema_version": 0,
          "private": "eyJlMmJmYjczMC1lY2FhLTExZTYtOGY4OC0zNDM2M2JjN2M0YzAiOnsiY3JlYXRlIjoxODAwMDAwMDAwMDAsImRlbGV0ZSI6MTgwMDAwMDAwMDAwLCJ1cGRhdGUiOjE4MDAwMDAwMDAwMH0sInNjaGVtYV92ZXJzaW9uIjoiMCJ9",
          "dependencies": [
            "yandex_vpc_network.main"
          ]
        }
      ]
    },
    {
      "mode": "managed",
      "type": "yandex_vpc_subnet",
      "name": "public",
      "provider": "provider[\"registry.terraform.io/yandex-cloud/yandex\"]",
      "instances": [
        {
          "schema_version": 0,
          "attributes": {
            "created_at": "2025-05-16T13:49:39Z",
            "description": "",
            "dhcp_options": [],
            "folder_id": "b1g9fkgcb4m0n7vhc475",
            "id": "e9b9o4u1sv2ppqucd4sp",
            "labels": {},
            "name": "public-subnet",
            "network_id": "enp68unnokhpqejanc6k",
            "route_table_id": "enp559li9nv0mbn12mkc",
            "timeouts": null,
            "v4_cidr_blocks": [
              "10.10.1.0/24"
            ],
            "v6_cidr_blocks": [],
            "zone": "ru-central1-a"
          },
          "sensitive_attributes": [],
          "identity_schema_version": 0,
          "private": "eyJlMmJmYjczMC1lY2FhLTExZTYtOGY4OC0zNDM2M2JjN2M0YzAiOnsiY3JlYXRlIjoxODAwMDAwMDAwMDAsImRlbGV0ZSI6MTgwMDAwMDAwMDAwLCJ1cGRhdGUiOjE4MDAwMDAwMDAwMH0sInNjaGVtYV92ZXJzaW9uIjoiMCJ9",
          "dependencies": [
            "yandex_vpc_gateway.internet",
            "yandex_vpc_network.main",
            "yandex_vpc_route_table.public"
          ]
        }
      ]
    }
  ],
  "check_results": null
}
